
Microsoft Visual Studio Solution File, Format Version 12.00
# Visual Studio 15
VisualStudioVersion = 15.0.27703.2042
MinimumVisualStudioVersion = 10.0.40219.1
Project("{FAE04EC0-301F-11D3-BF4B-00C04F79EFBC}") = "Question Three", "Question Three\Question Three.csproj", "{7753E8C1-B8DF-4EA6-9CD6-C27FD26D1077}"
EndProject
Global
	GlobalSection(SolutionConfigurationPlatforms) = preSolution
		Debug|Any CPU = Debug|Any CPU
		Release|Any CPU = Release|Any CPU
	EndGlobalSection
	GlobalSection(ProjectConfigurationPlatforms) = postSolution
		{7753E8C1-B8DF-4EA6-9CD6-C27FD26D1077}.Debug|Any CPU.ActiveCfg = Debug|Any CPU
		{7753E8C1-B8DF-4EA6-9CD6-C27FD26D1077}.Debug|Any CPU.Build.0 = Debug|Any CPU
		{7753E8C1-B8DF-4EA6-9CD6-C27FD26D1077}.Release|Any CPU.ActiveCfg = Release|Any CPU
		{7753E8C1-B8DF-4EA6-9CD6-C27FD26D1077}.Release|Any CPU.Build.0 = Release|Any CPU
	EndGlobalSection
	GlobalSection(SolutionProperties) = preSolution
		HideSolutionNode = FALSE
	EndGlobalSection
	GlobalSection(ExtensibilityGlobals) = postSolution
		SolutionGuid = {F8DB5290-8397-497D-B03F-B5C91C398A9E}
	EndGlobalSection
EndGlobal
